{
  "nodes": {
    "nixpkgs": {
      "locked": {
        "lastModified": 0,
        "narHash": "sha256-PwQASeL2cGVmrtQYlrBur0U20Xy07uSWVnFup2PHnDs=",
        "path": "/nix/store/z88hhaq46sdqzkm0zas1sn284h7w87k9-source",
        "type": "path"
      },
      "original": {
        "id": "nixpkgs",
        "type": "indirect"
      }
    },
    "root": {
      "inputs": {
        "nixpkgs": "nixpkgs"
      }
    }
  },
  "root": "root",
  "version": 7
}
